
Microsoft Visual Studio Solution File, Format Version 12.00
# Visual Studio 15
VisualStudioVersion = 15.0.26906.4000
MinimumVisualStudioVersion = 10.0.40219.1
Project("{2150E333-8FDC-42A3-9474-1A3956D46DE8}") = "samples", "samples", "{D4AA5888-321A-453C-A219-2B44A241995A}"
EndProject
Project("{2150E333-8FDC-42A3-9474-1A3956D46DE8}") = "src", "src", "{6E138718-CB7E-4C3B-A243-77F806503093}"
EndProject
Project("{9A19103F-16F7-4668-BE54-9A1E7A4F7556}") = "KodKodSample", "samples\KodKodSample\KodKodSample.csproj", "{2E69031B-5EA6-4B2E-BD88-A824AED722D7}"
EndProject
Global
	GlobalSection(SolutionConfigurationPlatforms) = preSolution
		Debug|Any CPU = Debug|Any CPU
		Release|Any CPU = Release|Any CPU
	EndGlobalSection
	GlobalSection(ProjectConfigurationPlatforms) = postSolution
		{2E69031B-5EA6-4B2E-BD88-A824AED722D7}.Debug|Any CPU.ActiveCfg = Debug|Any CPU
		{2E69031B-5EA6-4B2E-BD88-A824AED722D7}.Debug|Any CPU.Build.0 = Debug|Any CPU
		{2E69031B-5EA6-4B2E-BD88-A824AED722D7}.Release|Any CPU.ActiveCfg = Release|Any CPU
		{2E69031B-5EA6-4B2E-BD88-A824AED722D7}.Release|Any CPU.Build.0 = Release|Any CPU
	EndGlobalSection
	GlobalSection(SolutionProperties) = preSolution
		HideSolutionNode = FALSE
	EndGlobalSection
	GlobalSection(NestedProjects) = preSolution
		{2E69031B-5EA6-4B2E-BD88-A824AED722D7} = {D4AA5888-321A-453C-A219-2B44A241995A}
	EndGlobalSection
	GlobalSection(ExtensibilityGlobals) = postSolution
		SolutionGuid = {7896582E-19B9-4922-8C9B-C65875FE0F23}
	EndGlobalSection
EndGlobal
